// !$*UTF8*$!
{
	archiveVersion = 1;
	classes = {
	};
	objectVersion = 48;
	objects = {

/* Begin PBXBuildFile section */
		6314C84B1FF6216D0054FB20 /* AppDelegate.swift in Sources */ = {isa = PBXBuildFile; fileRef = 6314C84A1FF6216D0054FB20 /* AppDelegate.swift */; };
		6314C84D1FF6216D0054FB20 /* ViewController.swift in Sources */ = {isa = PBXBuildFile; fileRef = 6314C84C1FF6216D0054FB20 /* ViewController.swift */; };
		6314C8501FF6216D0054FB20 /* Main.storyboard in Resources */ = {isa = PBXBuildFile; fileRef = 6314C84E1FF6216D0054FB20 /* Main.storyboard */; };
		6314C8521FF6216D0054FB20 /* Assets.xcassets in Resources */ = {isa = PBXBuildFile; fileRef = 6314C8511FF6216D0054FB20 /* Assets.xcassets */; };
		6314C8551FF6216D0054FB20 /* LaunchScreen.storyboard in Resources */ = {isa = PBXBuildFile; fileRef = 6314C8531FF6216D0054FB20 /* LaunchScreen.storyboard */; };
		6314C8601FF6216D0054FB20 /* ToDoAppTests.swift in Sources */ = {isa = PBXBuildFile; fileRef = 6314C85F1FF6216D0054FB20 /* ToDoAppTests.swift */; };
		6314C86B1FF6216D0054FB20 /* ToDoAppUITests.swift in Sources */ = {isa = PBXBuildFile; fileRef = 6314C86A1FF6216D0054FB20 /* ToDoAppUITests.swift */; };
/* End PBXBuildFile section */

/* Begin PBXContainerItemProxy section */
		6314C85C1FF6216D0054FB20 /* PBXContainerItemProxy */ = {
			isa = PBXContainerItemProxy;
			containerPortal = 6314C83F1FF6216D0054FB20 /* Project object */;
			proxyType = 1;
			remoteGlobalIDString = 6314C8461FF6216D0054FB20;
			remoteInfo = ToDoApp;
		};
		6314C8671FF6216D0054FB20 /* PBXContainerItemProxy */ = {
			isa = PBXContainerItemProxy;
			containerPortal = 6314C83F1FF6216D0054FB20 /* Project object */;
			proxyType = 1;
			remoteGlobalIDString = 6314C8461FF6216D0054FB20;
			remoteInfo = ToDoApp;
		};
/* End PBXContainerItemProxy section */

/* Begin PBXFileReference section */
		6314C8471FF6216D0054FB20 /* ToDoApp.app */ = {isa = PBXFileReference; explicitFileType = wrapper.application; includeInIndex = 0; path = ToDoApp.app; sourceTree = BUILT_PRODUCTS_DIR; };
		6314C84A1FF6216D0054FB20 /* AppDelegate.swift */ = {isa = PBXFileReference; lastKnownFileType = sourcecode.swift; path = AppDelegate.swift; sourceTree = "<group>"; };
		6314C84C1FF6216D0054FB20 /* ViewController.swift */ = {isa = PBXFileReference; lastKnownFileType = sourcecode.swift; path = ViewController.swift; sourceTree = "<group>"; };
		6314C84F1FF6216D0054FB20 /* Base */ = {isa = PBXFileReference; lastKnownFileType = file.storyboard; name = Base; path = Base.lproj/Main.storyboard; sourceTree = "<group>"; };
		6314C8511FF6216D0054FB20 /* Assets.xcassets */ = {isa = PBXFileReference; lastKnownFileType = folder.assetcatalog; path = Assets.xcassets; sourceTree = "<group>"; };
		6314C8541FF6216D0054FB20 /* Base */ = {isa = PBXFileReference; lastKnownFileType = file.storyboard; name = Base; path = Base.lproj/LaunchScreen.storyboard; sourceTree = "<group>"; };
		6314C8561FF6216D0054FB20 /* Info.plist */ = {isa = PBXFileReference; lastKnownFileType = text.plist.xml; path = Info.plist; sourceTree = "<group>"; };
		6314C85B1FF6216D0054FB20 /* ToDoAppTests.xctest */ = {isa = PBXFileReference; explicitFileType = wrapper.cfbundle; includeInIndex = 0; path = ToDoAppTests.xctest; sourceTree = BUILT_PRODUCTS_DIR; };
		6314C85F1FF6216D0054FB20 /* ToDoAppTests.swift */ = {isa = PBXFileReference; lastKnownFileType = sourcecode.swift; path = ToDoAppTests.swift; sourceTree = "<group>"; };
		6314C8611FF6216D0054FB20 /* Info.plist */ = {isa = PBXFileReference; lastKnownFileType = text.plist.xml; path = Info.plist; sourceTree = "<group>"; };
		6314C8661FF6216D0054FB20 /* ToDoAppUITests.xctest */ = {isa = PBXFileReference; explicitFileType = wrapper.cfbundle; includeInIndex = 0; path = ToDoAppUITests.xctest; sourceTree = BUILT_PRODUCTS_DIR; };
		6314C86A1FF6216D0054FB20 /* ToDoAppUITests.swift */ = {isa = PBXFileReference; lastKnownFileType = sourcecode.swift; path = ToDoAppUITests.swift; sourceTree = "<group>"; };
		6314C86C1FF6216D0054FB20 /* Info.plist */ = {isa = PBXFileReference; lastKnownFileType = text.plist.xml; path = Info.plist; sourceTree = "<group>"; };
/* End PBXFileReference section */

/* Begin PBXFrameworksBuildPhase section */
		6314C8441FF6216D0054FB20 /* Frameworks */ = {
			isa = PBXFrameworksBuildPhase;
			buildActionMask = 2147483647;
			files = (
			);
			runOnlyForDeploymentPostprocessing = 0;
		};
		6314C8581FF6216D0054FB20 /* Frameworks */ = {
			isa = PBXFrameworksBuildPhase;
			buildActionMask = 2147483647;
			files = (
			);
			runOnlyForDeploymentPostprocessing = 0;
		};
		6314C8631FF6216D0054FB20 /* Frameworks */ = {
			isa = PBXFrameworksBuildPhase;
			buildActionMask = 2147483647;
			files = (
			);
			runOnlyForDeploymentPostprocessing = 0;
		};
/* End PBXFrameworksBuildPhase section */

/* Begin PBXGroup section */
		6314C83E1FF6216D0054FB20 = {
			isa = PBXGroup;
			children = (
				6314C8491FF6216D0054FB20 /* ToDoApp */,
				6314C85E1FF6216D0054FB20 /* ToDoAppTests */,
				6314C8691FF6216D0054FB20 /* ToDoAppUITests */,
				6314C8481FF6216D0054FB20 /* Products */,
			);
			sourceTree = "<group>";
		};
		6314C8481FF6216D0054FB20 /* Products */ = {
			isa = PBXGroup;
			children = (
				6314C8471FF6216D0054FB20 /* ToDoApp.app */,
				6314C85B1FF6216D0054FB20 /* ToDoAppTests.xctest */,
				6314C8661FF6216D0054FB20 /* ToDoAppUITests.xctest */,
			);
			name = Products;
			sourceTree = "<group>";
		};
		6314C8491FF6216D0054FB20 /* ToDoApp */ = {
			isa = PBXGroup;
			children = (
				6314C84A1FF6216D0054FB20 /* AppDelegate.swift */,
				6314C84C1FF6216D0054FB20 /* ViewController.swift */,
				6314C84E1FF6216D0054FB20 /* Main.storyboard */,
				6314C8511FF6216D0054FB20 /* Assets.xcassets */,
				6314C8531FF6216D0054FB20 /* LaunchScreen.storyboard */,
				6314C8561FF6216D0054FB20 /* Info.plist */,
			);
			path = ToDoApp;
			sourceTree = "<group>";
		};
		6314C85E1FF6216D0054FB20 /* ToDoAppTests */ = {
			isa = PBXGroup;
			children = (
				6314C85F1FF6216D0054FB20 /* ToDoAppTests.swift */,
				6314C8611FF6216D0054FB20 /* Info.plist */,
			);
			path = ToDoAppTests;
			sourceTree = "<group>";
		};
		6314C8691FF6216D0054FB20 /* ToDoAppUITests */ = {
			isa = PBXGroup;
			children = (
				6314C86A1FF6216D0054FB20 /* ToDoAppUITests.swift */,
				6314C86C1FF6216D0054FB20 /* Info.plist */,
			);
			path = ToDoAppUITests;
			sourceTree = "<group>";
		};
/* End PBXGroup section */

/* Begin PBXNativeTarget section */
		6314C8461FF6216D0054FB20 /* ToDoApp */ = {
			isa = PBXNativeTarget;
			buildConfigurationList = 6314C86F1FF6216E0054FB20 /* Build configuration list for PBXNativeTarget "ToDoApp" */;
			buildPhases = (
				6314C8431FF6216D0054FB20 /* Sources */,
				6314C8441FF6216D0054FB20 /* Frameworks */,
				6314C8451FF6216D0054FB20 /* Resources */,
			);
			buildRules = (
			);
			dependencies = (
			);
			name = ToDoApp;
			productName = ToDoApp;
			productReference = 6314C8471FF6216D0054FB20 /* ToDoApp.app */;
			productType = "com.apple.product-type.application";
		};
		6314C85A1FF6216D0054FB20 /* ToDoAppTests */ = {
			isa = PBXNativeTarget;
			buildConfigurationList = 6314C8721FF6216E0054FB20 /* Build configuration list for PBXNativeTarget "ToDoAppTests" */;
			buildPhases = (
				6314C8571FF6216D0054FB20 /* Sources */,
				6314C8581FF6216D0054FB20 /* Frameworks */,
				6314C8591FF6216D0054FB20 /* Resources */,
			);
			buildRules = (
			);
			dependencies = (
				6314C85D1FF6216D0054FB20 /* PBXTargetDependency */,
			);
			name = ToDoAppTests;
			productName = ToDoAppTests;
			productReference = 6314C85B1FF6216D0054FB20 /* ToDoAppTests.xctest */;
			productType = "com.apple.product-type.bundle.unit-test";
		};
		6314C8651FF6216D0054FB20 /* ToDoAppUITests */ = {
			isa = PBXNativeTarget;
			buildConfigurationList = 6314C8751FF6216E0054FB20 /* Build configuration list for PBXNativeTarget "ToDoAppUITests" */;
			buildPhases = (
				6314C8621FF6216D0054FB20 /* Sources */,
				6314C8631FF6216D0054FB20 /* Frameworks */,
				6314C8641FF6216D0054FB20 /* Resources */,
			);
			buildRules = (
			);
			dependencies = (
				6314C8681FF6216D0054FB20 /* PBXTargetDependency */,
			);
			name = ToDoAppUITests;
			productName = ToDoAppUITests;
			productReference = 6314C8661FF6216D0054FB20 /* ToDoAppUITests.xctest */;
			productType = "com.apple.product-type.bundle.ui-testing";
		};
/* End PBXNativeTarget section */

/* Begin PBXProject section */
		6314C83F1FF6216D0054FB20 /* Project object */ = {
			isa = PBXProject;
			attributes = {
				LastSwiftUpdateCheck = 0920;
				LastUpgradeCheck = 0920;
				ORGANIZATIONNAME = "Fatih inan";
				TargetAttributes = {
					6314C8461FF6216D0054FB20 = {
						CreatedOnToolsVersion = 9.2;
						ProvisioningStyle = Automatic;
					};
					6314C85A1FF6216D0054FB20 = {
						CreatedOnToolsVersion = 9.2;
						ProvisioningStyle = Automatic;
						TestTargetID = 6314C8461FF6216D0054FB20;
					};
					6314C8651FF6216D0054FB20 = {
						CreatedOnToolsVersion = 9.2;
						ProvisioningStyle = Automatic;
						TestTargetID = 6314C8461FF6216D0054FB20;
					};
				};
			};
			buildConfigurationList = 6314C8421FF6216D0054FB20 /* Build configuration list for PBXProject "ToDoApp" */;
			compatibilityVersion = "Xcode 8.0";
			developmentRegion = en;
			hasScannedForEncodings = 0;
			knownRegions = (
				en,
				Base,
			);
			mainGroup = 6314C83E1FF6216D0054FB20;
			productRefGroup = 6314C8481FF6216D0054FB20 /* Products */;
			projectDirPath = "";
			projectRoot = "";
			targets = (
				6314C8461FF6216D0054FB20 /* ToDoApp */,
				6314C85A1FF6216D0054FB20 /* ToDoAppTests */,
				6314C8651FF6216D0054FB20 /* ToDoAppUITests */,
			);
		};
/* End PBXProject section */

/* Begin PBXResourcesBuildPhase section */
		6314C8451FF6216D0054FB20 /* Resources */ = {
			isa = PBXResourcesBuildPhase;
			buildActionMask = 2147483647;
			files = (
				6314C8551FF6216D0054FB20 /* LaunchScreen.storyboard in Resources */,
				6314C8521FF6216D0054FB20 /* Assets.xcassets in Resources */,
				6314C8501FF6216D0054FB20 /* Main.storyboard in Resources */,
			);
			runOnlyForDeploymentPostprocessing = 0;
		};
		6314C8591FF6216D0054FB20 /* Resources */ = {
			isa = PBXResourcesBuildPhase;
			buildActionMask = 2147483647;
			files = (
			);
			runOnlyForDeploymentPostprocessing = 0;
		};
		6314C8641FF6216D0054FB20 /* Resources */ = {
			isa = PBXResourcesBuildPhase;
			buildActionMask = 2147483647;
			files = (
			);
			runOnlyForDeploymentPostprocessing = 0;
		};
/* End PBXResourcesBuildPhase section */

/* Begin PBXSourcesBuildPhase section */
		6314C8431FF6216D0054FB20 /* Sources */ = {
			isa = PBXSourcesBuildPhase;
			buildActionMask = 2147483647;
			files = (
				6314C84D1FF6216D0054FB20 /* ViewController.swift in Sources */,
				6314C84B1FF6216D0054FB20 /* AppDelegate.swift in Sources */,
			);
			runOnlyForDeploymentPostprocessing = 0;
		};
		6314C8571FF6216D0054FB20 /* Sources */ = {
			isa = PBXSourcesBuildPhase;
			buildActionMask = 2147483647;
			files = (
				6314C8601FF6216D0054FB20 /* ToDoAppTests.swift in Sources */,
			);
			runOnlyForDeploymentPostprocessing = 0;
		};
		6314C8621FF6216D0054FB20 /* Sources */ = {
			isa = PBXSourcesBuildPhase;
			buildActionMask = 2147483647;
			files = (
				6314C86B1FF6216D0054FB20 /* ToDoAppUITests.swift in Sources */,
			);
			runOnlyForDeploymentPostprocessing = 0;
		};
/* End PBXSourcesBuildPhase section */

/* Begin PBXTargetDependency section */
		6314C85D1FF6216D0054FB20 /* PBXTargetDependency */ = {
			isa = PBXTargetDependency;
			target = 6314C8461FF6216D0054FB20 /* ToDoApp */;
			targetProxy = 6314C85C1FF6216D0054FB20 /* PBXContainerItemProxy */;
		};
		6314C8681FF6216D0054FB20 /* PBXTargetDependency */ = {
			isa = PBXTargetDependency;
			target = 6314C8461FF6216D0054FB20 /* ToDoApp */;
			targetProxy = 6314C8671FF6216D0054FB20 /* PBXContainerItemProxy */;
		};
/* End PBXTargetDependency section */

/* Begin PBXVariantGroup section */
		6314C84E1FF6216D0054FB20 /* Main.storyboard */ = {
			isa = PBXVariantGroup;
			children = (
				6314C84F1FF6216D0054FB20 /* Base */,
			);
			name = Main.storyboard;
			sourceTree = "<group>";
		};
		6314C8531FF6216D0054FB20 /* LaunchScreen.storyboard */ = {
			isa = PBXVariantGroup;
			children = (
				6314C8541FF6216D0054FB20 /* Base */,
			);
			name = LaunchScreen.storyboard;
			sourceTree = "<group>";
		};
/* End PBXVariantGroup section */

/* Begin XCBuildConfiguration section */
		6314C86D1FF6216E0054FB20 /* Debug */ = {
			isa = XCBuildConfiguration;
			buildSettings = {
				ALWAYS_SEARCH_USER_PATHS = NO;
				CLANG_ANALYZER_NONNULL = YES;
				CLANG_ANALYZER_NUMBER_OBJECT_CONVERSION = YES_AGGRESSIVE;
				CLANG_CXX_LANGUAGE_STANDARD = "gnu++14";
				CLANG_CXX_LIBRARY = "libc++";
				CLANG_ENABLE_MODULES = YES;
				CLANG_ENABLE_OBJC_ARC = YES;
				CLANG_WARN_BLOCK_CAPTURE_AUTORELEASING = YES;
				CLANG_WARN_BOOL_CONVERSION = YES;
				CLANG_WARN_COMMA = YES;
				CLANG_WARN_CONSTANT_CONVERSION = YES;
				CLANG_WARN_DIRECT_OBJC_ISA_USAGE = YES_ERROR;
				CLANG_WARN_DOCUMENTATION_COMMENTS = YES;
				CLANG_WARN_EMPTY_BODY = YES;
				CLANG_WARN_ENUM_CONVERSION = YES;
				CLANG_WARN_INFINITE_RECURSION = YES;
				CLANG_WARN_INT_CONVERSION = YES;
				CLANG_WARN_NON_LITERAL_NULL_CONVERSION = YES;
				CLANG_WARN_OBJC_LITERAL_CONVERSION = YES;
				CLANG_WARN_OBJC_ROOT_CLASS = YES_ERROR;
				CLANG_WARN_RANGE_LOOP_ANALYSIS = YES;
				CLANG_WARN_STRICT_PROTOTYPES = YES;
				CLANG_WARN_SUSPICIOUS_MOVE = YES;
				CLANG_WARN_UNGUARDED_AVAILABILITY = YES_AGGRESSIVE;
				CLANG_WARN_UNREACHABLE_CODE = YES;
				CLANG_WARN__DUPLICATE_METHOD_MATCH = YES;
				CODE_SIGN_IDENTITY = "iPhone Developer";
				COPY_PHASE_STRIP = NO;
				DEBUG_INFORMATION_FORMAT = dwarf;
				ENABLE_STRICT_OBJC_MSGSEND = YES;
				ENABLE_TESTABILITY = YES;
				GCC_C_LANGUAGE_STANDARD = gnu11;
				GCC_DYNAMIC_NO_PIC = NO;
				GCC_NO_COMMON_BLOCKS = YES;
				GCC_OPTIMIZATION_LEVEL = 0;
				GCC_PREPROCESSOR_DEFINITIONS = (
					"DEBUG=1",
					"$(inherited)",
				);
				GCC_WARN_64_TO_32_BIT_CONVERSION = YES;
				GCC_WARN_ABOUT_RETURN_TYPE = YES_ERROR;
				GCC_WARN_UNDECLARED_SELECTOR = YES;
				GCC_WARN_UNINITIALIZED_AUTOS = YES_AGGRESSIVE;
				GCC_WARN_UNUSED_FUNCTION = YES;
				GCC_WARN_UNUSED_VARIABLE = YES;
				IPHONEOS_DEPLOYMENT_TARGET = 11.2;
				MTL_ENABLE_DEBUG_INFO = YES;
				ONLY_ACTIVE_ARCH = YES;
				SDKROOT = iphoneos;
				SWIFT_ACTIVE_COMPILATION_CONDITIONS = DEBUG;
				SWIFT_OPTIMIZATION_LEVEL = "-Onone";
			};
			name = Debug;
		};
		6314C86E1FF6216E0054FB20 /* Release */ = {
			isa = XCBuildConfiguration;
			buildSettings = {
				ALWAYS_SEARCH_USER_PATHS = NO;
				CLANG_ANALYZER_NONNULL = YES;
				CLANG_ANALYZER_NUMBER_OBJECT_CONVERSION = YES_AGGRESSIVE;
				CLANG_CXX_LANGUAGE_STANDARD = "gnu++14";
				CLANG_CXX_LIBRARY = "libc++";
				CLANG_ENABLE_MODULES = YES;
				CLANG_ENABLE_OBJC_ARC = YES;
				CLANG_WARN_BLOCK_CAPTURE_AUTORELEASING = YES;
				CLANG_WARN_BOOL_CONVERSION = YES;
				CLANG_WARN_COMMA = YES;
				CLANG_WARN_CONSTANT_CONVERSION = YES;
				CLANG_WARN_DIRECT_OBJC_ISA_USAGE = YES_ERROR;
				CLANG_WARN_DOCUMENTATION_COMMENTS = YES;
				CLANG_WARN_EMPTY_BODY = YES;
				CLANG_WARN_ENUM_CONVERSION = YES;
				CLANG_WARN_INFINITE_RECURSION = YES;
				CLANG_WARN_INT_CONVERSION = YES;
				CLANG_WARN_NON_LITERAL_NULL_CONVERSION = YES;
				CLANG_WARN_OBJC_LITERAL_CONVERSION = YES;
				CLANG_WARN_OBJC_ROOT_CLASS = YES_ERROR;
				CLANG_WARN_RANGE_LOOP_ANALYSIS = YES;
				CLANG_WARN_STRICT_PROTOTYPES = YES;
				CLANG_WARN_SUSPICIOUS_MOVE = YES;
				CLANG_WARN_UNGUARDED_AVAILABILITY = YES_AGGRESSIVE;
				CLANG_WARN_UNREACHABLE_CODE = YES;
				CLANG_WARN__DUPLICATE_METHOD_MATCH = YES;
				CODE_SIGN_IDENTITY = "iPhone Developer";
				COPY_PHASE_STRIP = NO;
				DEBUG_INFORMATION_FORMAT = "dwarf-with-dsym";
				ENABLE_NS_ASSERTIONS = NO;
				ENABLE_STRICT_OBJC_MSGSEND = YES;
				GCC_C_LANGUAGE_STANDARD = gnu11;
				GCC_NO_COMMON_BLOCKS = YES;
				GCC_WARN_64_TO_32_BIT_CONVERSION = YES;
				GCC_WARN_ABOUT_RETURN_TYPE = YES_ERROR;
				GCC_WARN_UNDECLARED_SELECTOR = YES;
				GCC_WARN_UNINITIALIZED_AUTOS = YES_AGGRESSIVE;
				GCC_WARN_UNUSED_FUNCTION = YES;
				GCC_WARN_UNUSED_VARIABLE = YES;
				IPHONEOS_DEPLOYMENT_TARGET = 11.2;
				MTL_ENABLE_DEBUG_INFO = NO;
				SDKROOT = iphoneos;
				SWIFT_OPTIMIZATION_LEVEL = "-Owholemodule";
				VALIDATE_PRODUCT = YES;
			};
			name = Release;
		};
		6314C8701FF6216E0054FB20 /* Debug */ = {
			isa = XCBuildConfiguration;
			buildSettings = {
				ASSETCATALOG_COMPILER_APPICON_NAME = AppIcon;
				CODE_SIGN_STYLE = Automatic;
				DEVELOPMENT_TEAM = 2BULHRS882;
				INFOPLIST_FILE = ToDoApp/Info.plist;
				LD_RUNPATH_SEARCH_PATHS = "$(inherited) @executable_path/Frameworks";
				PRODUCT_BUNDLE_IDENTIFIER = todo.ToDoApp;
				PRODUCT_NAME = "$(TARGET_NAME)";
				SWIFT_VERSION = 4.0;
				TARGETED_DEVICE_FAMILY = "1,2";
			};
			name = Debug;
		};
		6314C8711FF6216E0054FB20 /* Release */ = {
			isa = XCBuildConfiguration;
			buildSettings = {
				ASSETCATALOG_COMPILER_APPICON_NAME = AppIcon;
				CODE_SIGN_STYLE = Automatic;
				DEVELOPMENT_TEAM = 2BULHRS882;
				INFOPLIST_FILE = ToDoApp/Info.plist;
				LD_RUNPATH_SEARCH_PATHS = "$(inherited) @executable_path/Frameworks";
				PRODUCT_BUNDLE_IDENTIFIER = todo.ToDoApp;
				PRODUCT_NAME = "$(TARGET_NAME)";
				SWIFT_VERSION = 4.0;
				TARGETED_DEVICE_FAMILY = "1,2";
			};
			name = Release;
		};
		6314C8731FF6216E0054FB20 /* Debug */ = {
			isa = XCBuildConfiguration;
			buildSettings = {
				ALWAYS_EMBED_SWIFT_STANDARD_LIBRARIES = YES;
				BUNDLE_LOADER = "$(TEST_HOST)";
				CODE_SIGN_STYLE = Automatic;
				DEVELOPMENT_TEAM = 2BULHRS882;
				INFOPLIST_FILE = ToDoAppTests/Info.plist;
				LD_RUNPATH_SEARCH_PATHS = "$(inherited) @executable_path/Frameworks @loader_path/Frameworks";
				PRODUCT_BUNDLE_IDENTIFIER = todo.ToDoAppTests;
				PRODUCT_NAME = "$(TARGET_NAME)";
				SWIFT_VERSION = 4.0;
				TARGETED_DEVICE_FAMILY = "1,2";
				TEST_HOST = "$(BUILT_PRODUCTS_DIR)/ToDoApp.app/ToDoApp";
			};
			name = Debug;
		};
		6314C8741FF6216E0054FB20 /* Release */ = {
			isa = XCBuildConfiguration;
			buildSettings = {
				ALWAYS_EMBED_SWIFT_STANDARD_LIBRARIES = YES;
				BUNDLE_LOADER = "$(TEST_HOST)";
				CODE_SIGN_STYLE = Automatic;
				DEVELOPMENT_TEAM = 2BULHRS882;
				INFOPLIST_FILE = ToDoAppTests/Info.plist;
				LD_RUNPATH_SEARCH_PATHS = "$(inherited) @executable_path/Frameworks @loader_path/Frameworks";
				PRODUCT_BUNDLE_IDENTIFIER = todo.ToDoAppTests;
				PRODUCT_NAME = "$(TARGET_NAME)";
				SWIFT_VERSION = 4.0;
				TARGETED_DEVICE_FAMILY = "1,2";
				TEST_HOST = "$(BUILT_PRODUCTS_DIR)/ToDoApp.app/ToDoApp";
			};
			name = Release;
		};
		6314C8761FF6216E0054FB20 /* Debug */ = {
			isa = XCBuildConfiguration;
			buildSettings = {
				ALWAYS_EMBED_SWIFT_STANDARD_LIBRARIES = YES;
				CODE_SIGN_STYLE = Automatic;
				DEVELOPMENT_TEAM = 2BULHRS882;
				INFOPLIST_FILE = ToDoAppUITests/Info.plist;
				LD_RUNPATH_SEARCH_PATHS = "$(inherited) @executable_path/Frameworks @loader_path/Frameworks";
				PRODUCT_BUNDLE_IDENTIFIER = todo.ToDoAppUITests;
				PRODUCT_NAME = "$(TARGET_NAME)";
				SWIFT_VERSION = 4.0;
				TARGETED_DEVICE_FAMILY = "1,2";
				TEST_TARGET_NAME = ToDoApp;
			};
			name = Debug;
		};
		6314C8771FF6216E0054FB20 /* Release */ = {
			isa = XCBuildConfiguration;
			buildSettings = {
				ALWAYS_EMBED_SWIFT_STANDARD_LIBRARIES = YES;
				CODE_SIGN_STYLE = Automatic;
				DEVELOPMENT_TEAM = 2BULHRS882;
				INFOPLIST_FILE = ToDoAppUITests/Info.plist;
				LD_RUNPATH_SEARCH_PATHS = "$(inherited) @executable_path/Frameworks @loader_path/Frameworks";
				PRODUCT_BUNDLE_IDENTIFIER = todo.ToDoAppUITests;
				PRODUCT_NAME = "$(TARGET_NAME)";
				SWIFT_VERSION = 4.0;
				TARGETED_DEVICE_FAMILY = "1,2";
				TEST_TARGET_NAME = ToDoApp;
			};
			name = Release;
		};
/* End XCBuildConfiguration section */

/* Begin XCConfigurationList section */
		6314C8421FF6216D0054FB20 /* Build configuration list for PBXProject "ToDoApp" */ = {
			isa = XCConfigurationList;
			buildConfigurations = (
				6314C86D1FF6216E0054FB20 /* Debug */,
				6314C86E1FF6216E0054FB20 /* Release */,
			);
			defaultConfigurationIsVisible = 0;
			defaultConfigurationName = Release;
		};
		6314C86F1FF6216E0054FB20 /* Build configuration list for PBXNativeTarget "ToDoApp" */ = {
			isa = XCConfigurationList;
			buildConfigurations = (
				6314C8701FF6216E0054FB20 /* Debug */,
				6314C8711FF6216E0054FB20 /* Release */,
			);
			defaultConfigurationIsVisible = 0;
			defaultConfigurationName = Release;
		};
		6314C8721FF6216E0054FB20 /* Build configuration list for PBXNativeTarget "ToDoAppTests" */ = {
			isa = XCConfigurationList;
			buildConfigurations = (
				6314C8731FF6216E0054FB20 /* Debug */,
				6314C8741FF6216E0054FB20 /* Release */,
			);
			defaultConfigurationIsVisible = 0;
			defaultConfigurationName = Release;
		};
		6314C8751FF6216E0054FB20 /* Build configuration list for PBXNativeTarget "ToDoAppUITests" */ = {
			isa = XCConfigurationList;
			buildConfigurations = (
				6314C8761FF6216E0054FB20 /* Debug */,
				6314C8771FF6216E0054FB20 /* Release */,
			);
			defaultConfigurationIsVisible = 0;
			defaultConfigurationName = Release;
		};
/* End XCConfigurationList section */
	};
	rootObject = 6314C83F1FF6216D0054FB20 /* Project object */;
}
